
Microsoft Visual Studio Solution File, Format Version 12.00
# Visual Studio Version 17
VisualStudioVersion = 17.14.36310.24 d17.14
MinimumVisualStudioVersion = 10.0.40219.1
Project("{FAE04EC0-301F-11D3-BF4B-00C04F79EFBC}") = "SOLIDExamples", "SOLIDExamples\SOLIDExamples.csproj", "{B56ACC5A-0AF9-48CB-9458-91FF6A476684}"
EndProject
Global
	GlobalSection(SolutionConfigurationPlatforms) = preSolution
		Debug|Any CPU = Debug|Any CPU
		Release|Any CPU = Release|Any CPU
	EndGlobalSection
	GlobalSection(ProjectConfigurationPlatforms) = postSolution
		{B56ACC5A-0AF9-48CB-9458-91FF6A476684}.Debug|Any CPU.ActiveCfg = Debug|Any CPU
		{B56ACC5A-0AF9-48CB-9458-91FF6A476684}.Debug|Any CPU.Build.0 = Debug|Any CPU
		{B56ACC5A-0AF9-48CB-9458-91FF6A476684}.Release|Any CPU.ActiveCfg = Release|Any CPU
		{B56ACC5A-0AF9-48CB-9458-91FF6A476684}.Release|Any CPU.Build.0 = Release|Any CPU
	EndGlobalSection
	GlobalSection(SolutionProperties) = preSolution
		HideSolutionNode = FALSE
	EndGlobalSection
	GlobalSection(ExtensibilityGlobals) = postSolution
		SolutionGuid = {D7B90378-7F6D-4893-8F9E-1FC8F71772E2}
	EndGlobalSection
EndGlobal
